
Microsoft Visual Studio Solution File, Format Version 12.00
# Visual Studio Version 17
VisualStudioVersion = 17.9.34622.214
MinimumVisualStudioVersion = 10.0.40219.1
Project("{FAE04EC0-301F-11D3-BF4B-00C04F79EFBC}") = "ContactsBlazorWebApp", "ContactsBlazorWebApp\ContactsBlazorWebApp.csproj", "{084121FC-908A-45DC-85C2-7B42F368339B}"
EndProject
Global
	GlobalSection(SolutionConfigurationPlatforms) = preSolution
		Debug|Any CPU = Debug|Any CPU
		Release|Any CPU = Release|Any CPU
	EndGlobalSection
	GlobalSection(ProjectConfigurationPlatforms) = postSolution
		{084121FC-908A-45DC-85C2-7B42F368339B}.Debug|Any CPU.ActiveCfg = Debug|Any CPU
		{084121FC-908A-45DC-85C2-7B42F368339B}.Debug|Any CPU.Build.0 = Debug|Any CPU
		{084121FC-908A-45DC-85C2-7B42F368339B}.Release|Any CPU.ActiveCfg = Release|Any CPU
		{084121FC-908A-45DC-85C2-7B42F368339B}.Release|Any CPU.Build.0 = Release|Any CPU
	EndGlobalSection
	GlobalSection(SolutionProperties) = preSolution
		HideSolutionNode = FALSE
	EndGlobalSection
	GlobalSection(ExtensibilityGlobals) = postSolution
		SolutionGuid = {8775E765-CBD6-4885-80D4-E5C586685556}
	EndGlobalSection
EndGlobal
